
Microsoft Visual Studio Solution File, Format Version 12.00
# Visual Studio 15
VisualStudioVersion = 15.0.27130.2020
MinimumVisualStudioVersion = 10.0.40219.1
Project("{FAE04EC0-301F-11D3-BF4B-00C04F79EFBC}") = "PaySlipTest", "PaySlipTest\PaySlipTest.csproj", "{121916C3-6239-45F0-A38A-71CD5984105C}"
EndProject
Project("{FAE04EC0-301F-11D3-BF4B-00C04F79EFBC}") = "PaySlipEngine", "PaySlipEngine\PaySlipEngine.csproj", "{8849BA41-C691-49F4-9555-2B0E1D9E437E}"
EndProject
Project("{FAE04EC0-301F-11D3-BF4B-00C04F79EFBC}") = "CommonLogger", "CommonLogger\CommonLogger.csproj", "{AAFC2902-C4F7-49D8-990A-760E18C16474}"
EndProject
Project("{FAE04EC0-301F-11D3-BF4B-00C04F79EFBC}") = "PaySlipFactory", "PaySlipFactory\PaySlipFactory.csproj", "{7C6AAF29-E552-4CC1-956F-BAE140492634}"
EndProject
Project("{FAE04EC0-301F-11D3-BF4B-00C04F79EFBC}") = "PaySlipGenerator", "PaySlipGenerator\PaySlipGenerator.csproj", "{99741B4A-8824-46B8-B58C-C4C0E339176E}"
EndProject
Global
	GlobalSection(SolutionConfigurationPlatforms) = preSolution
		Debug|Any CPU = Debug|Any CPU
		Release|Any CPU = Release|Any CPU
	EndGlobalSection
	GlobalSection(ProjectConfigurationPlatforms) = postSolution
		{121916C3-6239-45F0-A38A-71CD5984105C}.Debug|Any CPU.ActiveCfg = Debug|Any CPU
		{121916C3-6239-45F0-A38A-71CD5984105C}.Debug|Any CPU.Build.0 = Debug|Any CPU
		{121916C3-6239-45F0-A38A-71CD5984105C}.Release|Any CPU.ActiveCfg = Release|Any CPU
		{121916C3-6239-45F0-A38A-71CD5984105C}.Release|Any CPU.Build.0 = Release|Any CPU
		{8849BA41-C691-49F4-9555-2B0E1D9E437E}.Debug|Any CPU.ActiveCfg = Debug|Any CPU
		{8849BA41-C691-49F4-9555-2B0E1D9E437E}.Debug|Any CPU.Build.0 = Debug|Any CPU
		{8849BA41-C691-49F4-9555-2B0E1D9E437E}.Release|Any CPU.ActiveCfg = Release|Any CPU
		{8849BA41-C691-49F4-9555-2B0E1D9E437E}.Release|Any CPU.Build.0 = Release|Any CPU
		{AAFC2902-C4F7-49D8-990A-760E18C16474}.Debug|Any CPU.ActiveCfg = Debug|Any CPU
		{AAFC2902-C4F7-49D8-990A-760E18C16474}.Debug|Any CPU.Build.0 = Debug|Any CPU
		{AAFC2902-C4F7-49D8-990A-760E18C16474}.Release|Any CPU.ActiveCfg = Release|Any CPU
		{AAFC2902-C4F7-49D8-990A-760E18C16474}.Release|Any CPU.Build.0 = Release|Any CPU
		{7C6AAF29-E552-4CC1-956F-BAE140492634}.Debug|Any CPU.ActiveCfg = Debug|Any CPU
		{7C6AAF29-E552-4CC1-956F-BAE140492634}.Debug|Any CPU.Build.0 = Debug|Any CPU
		{7C6AAF29-E552-4CC1-956F-BAE140492634}.Release|Any CPU.ActiveCfg = Release|Any CPU
		{7C6AAF29-E552-4CC1-956F-BAE140492634}.Release|Any CPU.Build.0 = Release|Any CPU
		{99741B4A-8824-46B8-B58C-C4C0E339176E}.Debug|Any CPU.ActiveCfg = Debug|Any CPU
		{99741B4A-8824-46B8-B58C-C4C0E339176E}.Debug|Any CPU.Build.0 = Debug|Any CPU
		{99741B4A-8824-46B8-B58C-C4C0E339176E}.Release|Any CPU.ActiveCfg = Release|Any CPU
		{99741B4A-8824-46B8-B58C-C4C0E339176E}.Release|Any CPU.Build.0 = Release|Any CPU
	EndGlobalSection
	GlobalSection(SolutionProperties) = preSolution
		HideSolutionNode = FALSE
	EndGlobalSection
	GlobalSection(ExtensibilityGlobals) = postSolution
		SolutionGuid = {FC946D12-2C8C-4E54-86CB-E36FF1B0FBFB}
	EndGlobalSection
EndGlobal
